
Microsoft Visual Studio Solution File, Format Version 12.00
# Visual Studio Version 17
VisualStudioVersion = 17.14.36310.24
MinimumVisualStudioVersion = 10.0.40219.1
Project("{FAE04EC0-301F-11D3-BF4B-00C04F79EFBC}") = "Web", "Web\Web.csproj", "{0E12A693-F93E-4D85-9CEC-3F498C0C0D10}"
EndProject
Project("{FAE04EC0-301F-11D3-BF4B-00C04F79EFBC}") = "Domain", "Domain\Domain.csproj", "{14DE5F63-D1DC-48B3-B3FD-BDF0BEDD2D94}"
EndProject
Project("{FAE04EC0-301F-11D3-BF4B-00C04F79EFBC}") = "Application", "Application\Application.csproj", "{7B80256E-8E47-4E68-9E03-DEB47E9D5C48}"
EndProject
Project("{FAE04EC0-301F-11D3-BF4B-00C04F79EFBC}") = "Infrastructure", "Infrastructure\Infrastructure.csproj", "{D5F722E2-0313-4C52-848E-B03281766FDC}"
EndProject
Project("{FAE04EC0-301F-11D3-BF4B-00C04F79EFBC}") = "Shared", "Shared\Shared.csproj", "{932C9D64-02A2-4E57-BEEA-D057C97B764E}"
EndProject
Global
	GlobalSection(SolutionConfigurationPlatforms) = preSolution
		Debug|Any CPU = Debug|Any CPU
		Release|Any CPU = Release|Any CPU
	EndGlobalSection
	GlobalSection(ProjectConfigurationPlatforms) = postSolution
		{0E12A693-F93E-4D85-9CEC-3F498C0C0D10}.Debug|Any CPU.ActiveCfg = Debug|Any CPU
		{0E12A693-F93E-4D85-9CEC-3F498C0C0D10}.Debug|Any CPU.Build.0 = Debug|Any CPU
		{0E12A693-F93E-4D85-9CEC-3F498C0C0D10}.Release|Any CPU.ActiveCfg = Release|Any CPU
		{0E12A693-F93E-4D85-9CEC-3F498C0C0D10}.Release|Any CPU.Build.0 = Release|Any CPU
		{14DE5F63-D1DC-48B3-B3FD-BDF0BEDD2D94}.Debug|Any CPU.ActiveCfg = Debug|Any CPU
		{14DE5F63-D1DC-48B3-B3FD-BDF0BEDD2D94}.Debug|Any CPU.Build.0 = Debug|Any CPU
		{14DE5F63-D1DC-48B3-B3FD-BDF0BEDD2D94}.Release|Any CPU.ActiveCfg = Release|Any CPU
		{14DE5F63-D1DC-48B3-B3FD-BDF0BEDD2D94}.Release|Any CPU.Build.0 = Release|Any CPU
		{7B80256E-8E47-4E68-9E03-DEB47E9D5C48}.Debug|Any CPU.ActiveCfg = Debug|Any CPU
		{7B80256E-8E47-4E68-9E03-DEB47E9D5C48}.Debug|Any CPU.Build.0 = Debug|Any CPU
		{7B80256E-8E47-4E68-9E03-DEB47E9D5C48}.Release|Any CPU.ActiveCfg = Release|Any CPU
		{7B80256E-8E47-4E68-9E03-DEB47E9D5C48}.Release|Any CPU.Build.0 = Release|Any CPU
		{D5F722E2-0313-4C52-848E-B03281766FDC}.Debug|Any CPU.ActiveCfg = Debug|Any CPU
		{D5F722E2-0313-4C52-848E-B03281766FDC}.Debug|Any CPU.Build.0 = Debug|Any CPU
		{D5F722E2-0313-4C52-848E-B03281766FDC}.Release|Any CPU.ActiveCfg = Release|Any CPU
		{D5F722E2-0313-4C52-848E-B03281766FDC}.Release|Any CPU.Build.0 = Release|Any CPU
		{932C9D64-02A2-4E57-BEEA-D057C97B764E}.Debug|Any CPU.ActiveCfg = Debug|Any CPU
		{932C9D64-02A2-4E57-BEEA-D057C97B764E}.Debug|Any CPU.Build.0 = Debug|Any CPU
		{932C9D64-02A2-4E57-BEEA-D057C97B764E}.Release|Any CPU.ActiveCfg = Release|Any CPU
		{932C9D64-02A2-4E57-BEEA-D057C97B764E}.Release|Any CPU.Build.0 = Release|Any CPU
	EndGlobalSection
	GlobalSection(SolutionProperties) = preSolution
		HideSolutionNode = FALSE
	EndGlobalSection
	GlobalSection(ExtensibilityGlobals) = postSolution
		SolutionGuid = {16AA0CBD-897B-4E1A-B01F-D3EF7EC0DA8F}
	EndGlobalSection
EndGlobal
