
Microsoft Visual Studio Solution File, Format Version 12.00
# Visual Studio Version 17
VisualStudioVersion = 17.14.36518.9 d17.14
MinimumVisualStudioVersion = 10.0.40219.1
Project("{FAE04EC0-301F-11D3-BF4B-00C04F79EFBC}") = "testTimeSpan", "testTimeSpan\testTimeSpan.csproj", "{4076D799-6378-45C8-8045-F213B1EFBA1D}"
EndProject
Global
	GlobalSection(SolutionConfigurationPlatforms) = preSolution
		Debug|Any CPU = Debug|Any CPU
		Release|Any CPU = Release|Any CPU
	EndGlobalSection
	GlobalSection(ProjectConfigurationPlatforms) = postSolution
		{4076D799-6378-45C8-8045-F213B1EFBA1D}.Debug|Any CPU.ActiveCfg = Debug|Any CPU
		{4076D799-6378-45C8-8045-F213B1EFBA1D}.Debug|Any CPU.Build.0 = Debug|Any CPU
		{4076D799-6378-45C8-8045-F213B1EFBA1D}.Release|Any CPU.ActiveCfg = Release|Any CPU
		{4076D799-6378-45C8-8045-F213B1EFBA1D}.Release|Any CPU.Build.0 = Release|Any CPU
	EndGlobalSection
	GlobalSection(SolutionProperties) = preSolution
		HideSolutionNode = FALSE
	EndGlobalSection
	GlobalSection(ExtensibilityGlobals) = postSolution
		SolutionGuid = {6B6AFA25-8EC1-41B4-A628-765F10AB5310}
	EndGlobalSection
EndGlobal
